
Microsoft Visual Studio Solution File, Format Version 12.00
# Visual Studio Version 18
VisualStudioVersion = 18.6.11806.211
MinimumVisualStudioVersion = 10.0.40219.1
Project("{8BC9CEB8-8B4A-11D0-8D11-00A0C91BC942}") = "Classwork", "Classwork\Classwork.vcxproj", "{C039399B-BADB-4B92-B081-2B1ABD4A1012}"
EndProject
Project("{8BC9CEB8-8B4A-11D0-8D11-00A0C91BC942}") = "Homework_1", "Homework_1\Homework_1.vcxproj", "{0922DFE4-B68E-45E2-8ED9-567B2712DB4D}"
EndProject
Project("{8BC9CEB8-8B4A-11D0-8D11-00A0C91BC942}") = "Homework_2", "Homework_2\Homework_2.vcxproj", "{5E40D4B1-66A8-4CD1-9CB4-905252D57CB6}"
EndProject
Project("{8BC9CEB8-8B4A-11D0-8D11-00A0C91BC942}") = "Homework_3", "Homework_3\Homework_3.vcxproj", "{515ECBFC-C648-4C5E-95C9-058E9D271C15}"
EndProject
Project("{8BC9CEB8-8B4A-11D0-8D11-00A0C91BC942}") = "Homework_4", "Homework_4\Homework_4.vcxproj", "{FD47696F-C77B-44C2-9652-553613B3A4E7}"
EndProject
Project("{8BC9CEB8-8B4A-11D0-8D11-00A0C91BC942}") = "Homework_5", "Homework_5\Homework_5.vcxproj", "{F21D2C09-CEDF-4B28-AE22-614A0ACD8AA1}"
EndProject
Project("{8BC9CEB8-8B4A-11D0-8D11-00A0C91BC942}") = "Homework_6", "Homework_6\Homework_6.vcxproj", "{2E72FA17-C892-4FC7-892F-D9F598D5CB55}"
EndProject
Project("{8BC9CEB8-8B4A-11D0-8D11-00A0C91BC942}") = "Homework_7", "Homework_7\Homework_7.vcxproj", "{580A0E41-6656-460F-B470-8A41F2B43EEE}"
EndProject
Global
	GlobalSection(SolutionConfigurationPlatforms) = preSolution
		Debug|x64 = Debug|x64
		Debug|x86 = Debug|x86
		Release|x64 = Release|x64
		Release|x86 = Release|x86
	EndGlobalSection
	GlobalSection(ProjectConfigurationPlatforms) = postSolution
		{C039399B-BADB-4B92-B081-2B1ABD4A1012}.Debug|x64.ActiveCfg = Debug|x64
		{C039399B-BADB-4B92-B081-2B1ABD4A1012}.Debug|x64.Build.0 = Debug|x64
		{C039399B-BADB-4B92-B081-2B1ABD4A1012}.Debug|x86.ActiveCfg = Debug|Win32
		{C039399B-BADB-4B92-B081-2B1ABD4A1012}.Debug|x86.Build.0 = Debug|Win32
		{C039399B-BADB-4B92-B081-2B1ABD4A1012}.Release|x64.ActiveCfg = Release|x64
		{C039399B-BADB-4B92-B081-2B1ABD4A1012}.Release|x64.Build.0 = Release|x64
		{C039399B-BADB-4B92-B081-2B1ABD4A1012}.Release|x86.ActiveCfg = Release|Win32
		{C039399B-BADB-4B92-B081-2B1ABD4A1012}.Release|x86.Build.0 = Release|Win32
		{0922DFE4-B68E-45E2-8ED9-567B2712DB4D}.Debug|x64.ActiveCfg = Debug|x64
		{0922DFE4-B68E-45E2-8ED9-567B2712DB4D}.Debug|x64.Build.0 = Debug|x64
		{0922DFE4-B68E-45E2-8ED9-567B2712DB4D}.Debug|x86.ActiveCfg = Debug|Win32
		{0922DFE4-B68E-45E2-8ED9-567B2712DB4D}.Debug|x86.Build.0 = Debug|Win32
		{0922DFE4-B68E-45E2-8ED9-567B2712DB4D}.Release|x64.ActiveCfg = Release|x64
		{0922DFE4-B68E-45E2-8ED9-567B2712DB4D}.Release|x64.Build.0 = Release|x64
		{0922DFE4-B68E-45E2-8ED9-567B2712DB4D}.Release|x86.ActiveCfg = Release|Win32
		{0922DFE4-B68E-45E2-8ED9-567B2712DB4D}.Release|x86.Build.0 = Release|Win32
		{5E40D4B1-66A8-4CD1-9CB4-905252D57CB6}.Debug|x64.ActiveCfg = Debug|x64
		{5E40D4B1-66A8-4CD1-9CB4-905252D57CB6}.Debug|x64.Build.0 = Debug|x64
		{5E40D4B1-66A8-4CD1-9CB4-905252D57CB6}.Debug|x86.ActiveCfg = Debug|Win32
		{5E40D4B1-66A8-4CD1-9CB4-905252D57CB6}.Debug|x86.Build.0 = Debug|Win32
		{5E40D4B1-66A8-4CD1-9CB4-905252D57CB6}.Release|x64.ActiveCfg = Release|x64
		{5E40D4B1-66A8-4CD1-9CB4-905252D57CB6}.Release|x64.Build.0 = Release|x64
		{5E40D4B1-66A8-4CD1-9CB4-905252D57CB6}.Release|x86.ActiveCfg = Release|Win32
		{5E40D4B1-66A8-4CD1-9CB4-905252D57CB6}.Release|x86.Build.0 = Release|Win32
		{515ECBFC-C648-4C5E-95C9-058E9D271C15}.Debug|x64.ActiveCfg = Debug|x64
		{515ECBFC-C648-4C5E-95C9-058E9D271C15}.Debug|x64.Build.0 = Debug|x64
		{515ECBFC-C648-4C5E-95C9-058E9D271C15}.Debug|x86.ActiveCfg = Debug|Win32
		{515ECBFC-C648-4C5E-95C9-058E9D271C15}.Debug|x86.Build.0 = Debug|Win32
		{515ECBFC-C648-4C5E-95C9-058E9D271C15}.Release|x64.ActiveCfg = Release|x64
		{515ECBFC-C648-4C5E-95C9-058E9D271C15}.Release|x64.Build.0 = Release|x64
		{515ECBFC-C648-4C5E-95C9-058E9D271C15}.Release|x86.ActiveCfg = Release|Win32
		{515ECBFC-C648-4C5E-95C9-058E9D271C15}.Release|x86.Build.0 = Release|Win32
		{FD47696F-C77B-44C2-9652-553613B3A4E7}.Debug|x64.ActiveCfg = Debug|x64
		{FD47696F-C77B-44C2-9652-553613B3A4E7}.Debug|x64.Build.0 = Debug|x64
		{FD47696F-C77B-44C2-9652-553613B3A4E7}.Debug|x86.ActiveCfg = Debug|Win32
		{FD47696F-C77B-44C2-9652-553613B3A4E7}.Debug|x86.Build.0 = Debug|Win32
		{FD47696F-C77B-44C2-9652-553613B3A4E7}.Release|x64.ActiveCfg = Release|x64
		{FD47696F-C77B-44C2-9652-553613B3A4E7}.Release|x64.Build.0 = Release|x64
		{FD47696F-C77B-44C2-9652-553613B3A4E7}.Release|x86.ActiveCfg = Release|Win32
		{FD47696F-C77B-44C2-9652-553613B3A4E7}.Release|x86.Build.0 = Release|Win32
		{F21D2C09-CEDF-4B28-AE22-614A0ACD8AA1}.Debug|x64.ActiveCfg = Debug|x64
		{F21D2C09-CEDF-4B28-AE22-614A0ACD8AA1}.Debug|x64.Build.0 = Debug|x64
		{F21D2C09-CEDF-4B28-AE22-614A0ACD8AA1}.Debug|x86.ActiveCfg = Debug|Win32
		{F21D2C09-CEDF-4B28-AE22-614A0ACD8AA1}.Debug|x86.Build.0 = Debug|Win32
		{F21D2C09-CEDF-4B28-AE22-614A0ACD8AA1}.Release|x64.ActiveCfg = Release|x64
		{F21D2C09-CEDF-4B28-AE22-614A0ACD8AA1}.Release|x64.Build.0 = Release|x64
		{F21D2C09-CEDF-4B28-AE22-614A0ACD8AA1}.Release|x86.ActiveCfg = Release|Win32
		{F21D2C09-CEDF-4B28-AE22-614A0ACD8AA1}.Release|x86.Build.0 = Release|Win32
		{2E72FA17-C892-4FC7-892F-D9F598D5CB55}.Debug|x64.ActiveCfg = Debug|x64
		{2E72FA17-C892-4FC7-892F-D9F598D5CB55}.Debug|x64.Build.0 = Debug|x64
		{2E72FA17-C892-4FC7-892F-D9F598D5CB55}.Debug|x86.ActiveCfg = Debug|Win32
		{2E72FA17-C892-4FC7-892F-D9F598D5CB55}.Debug|x86.Build.0 = Debug|Win32
		{2E72FA17-C892-4FC7-892F-D9F598D5CB55}.Release|x64.ActiveCfg = Release|x64
		{2E72FA17-C892-4FC7-892F-D9F598D5CB55}.Release|x64.Build.0 = Release|x64
		{2E72FA17-C892-4FC7-892F-D9F598D5CB55}.Release|x86.ActiveCfg = Release|Win32
		{2E72FA17-C892-4FC7-892F-D9F598D5CB55}.Release|x86.Build.0 = Release|Win32
		{580A0E41-6656-460F-B470-8A41F2B43EEE}.Debug|x64.ActiveCfg = Debug|x64
		{580A0E41-6656-460F-B470-8A41F2B43EEE}.Debug|x64.Build.0 = Debug|x64
		{580A0E41-6656-460F-B470-8A41F2B43EEE}.Debug|x86.ActiveCfg = Debug|Win32
		{580A0E41-6656-460F-B470-8A41F2B43EEE}.Debug|x86.Build.0 = Debug|Win32
		{580A0E41-6656-460F-B470-8A41F2B43EEE}.Release|x64.ActiveCfg = Release|x64
		{580A0E41-6656-460F-B470-8A41F2B43EEE}.Release|x64.Build.0 = Release|x64
		{580A0E41-6656-460F-B470-8A41F2B43EEE}.Release|x86.ActiveCfg = Release|Win32
		{580A0E41-6656-460F-B470-8A41F2B43EEE}.Release|x86.Build.0 = Release|Win32
	EndGlobalSection
	GlobalSection(SolutionProperties) = preSolution
		HideSolutionNode = FALSE
	EndGlobalSection
	GlobalSection(ExtensibilityGlobals) = postSolution
		SolutionGuid = {7622FB4C-A4CC-4B09-8BCE-B080BA1A168F}
	EndGlobalSection
EndGlobal
