
Microsoft Visual Studio Solution File, Format Version 12.00
# Visual Studio Version 18
VisualStudioVersion = 18.6.11806.211
MinimumVisualStudioVersion = 10.0.40219.1
Project("{8BC9CEB8-8B4A-11D0-8D11-00A0C91BC942}") = "Classwork", "Classwork\Classwork.vcxproj", "{C039399B-BADB-4B92-B081-2B1ABD4A1012}"
EndProject
Project("{8BC9CEB8-8B4A-11D0-8D11-00A0C91BC942}") = "Homework_1", "Homework_1\Homework_1.vcxproj", "{0922DFE4-B68E-45E2-8ED9-567B2712DB4D}"
EndProject
Project("{8BC9CEB8-8B4A-11D0-8D11-00A0C91BC942}") = "Homework_2", "Homework_2\Homework_2.vcxproj", "{5E40D4B1-66A8-4CD1-9CB4-905252D57CB6}"
EndProject
Project("{8BC9CEB8-8B4A-11D0-8D11-00A0C91BC942}") = "Homework_3", "Homework_3\Homework_3.vcxproj", "{515ECBFC-C648-4C5E-95C9-058E9D271C15}"
EndProject
Project("{8BC9CEB8-8B4A-11D0-8D11-00A0C91BC942}") = "Homework_4", "Homework_4\Homework_4.vcxproj", "{FD47696F-C77B-44C2-9652-553613B3A4E7}"
EndProject
Project("{8BC9CEB8-8B4A-11D0-8D11-00A0C91BC942}") = "Homework_5", "Homework_5\Homework_5.vcxproj", "{F21D2C09-CEDF-4B28-AE22-614A0ACD8AA1}"
EndProject
Project("{8BC9CEB8-8B4A-11D0-8D11-00A0C91BC942}") = "Homework_6", "Homework_6\Homework_6.vcxproj", "{2E72FA17-C892-4FC7-892F-D9F598D5CB55}"
EndProject
Project("{8BC9CEB8-8B4A-11D0-8D11-00A0C91BC942}") = "Homework_7", "Homework_7\Homework_7.vcxproj", "{580A0E41-6656-460F-B470-8A41F2B43EEE}"
EndProject
Project("{8BC9CEB8-8B4A-11D0-8D11-00A0C91BC942}") = "Homework_8", "Homework_8\Homework_8.vcxproj", "{600B846D-2631-4E8B-83AC-1986DDA6666F}"
EndProject
Project("{8BC9CEB8-8B4A-11D0-8D11-00A0C91BC942}") = "Homework_9", "Homework_9\Homework_9.vcxproj", "{1DCF5359-56C0-4DD9-B893-2F61B012D4FF}"
EndProject
Project("{8BC9CEB8-8B4A-11D0-8D11-00A0C91BC942}") = "Homework_10", "Homework_10\Homework_10.vcxproj", "{052867FA-3441-42AE-AF68-5B0D732C504C}"
EndProject
Project("{8BC9CEB8-8B4A-11D0-8D11-00A0C91BC942}") = "Homework_11", "Homework_11\Homework_11.vcxproj", "{D21D70F3-F93F-4936-ABF8-03B49B5840E5}"
EndProject
Project("{8BC9CEB8-8B4A-11D0-8D11-00A0C91BC942}") = "Homework_12", "Homework_12\Homework_12.vcxproj", "{D7E47172-9CCE-4602-B951-E9021E52E8D3}"
EndProject
Project("{8BC9CEB8-8B4A-11D0-8D11-00A0C91BC942}") = "Homework_13", "Homework_13\Homework_13.vcxproj", "{4BD57ABF-4635-4AA3-9B5A-C5297256602C}"
EndProject
Project("{8BC9CEB8-8B4A-11D0-8D11-00A0C91BC942}") = "Homework_14", "Homework_14\Homework_14.vcxproj", "{F8C455FE-048A-4E29-ACA0-385A79C952B5}"
EndProject
Project("{8BC9CEB8-8B4A-11D0-8D11-00A0C91BC942}") = "Homework_15", "Homework_15\Homework_15.vcxproj", "{512BAA2A-52AB-4E89-A5CE-B04288A668CD}"
EndProject
Project("{8BC9CEB8-8B4A-11D0-8D11-00A0C91BC942}") = "Homework_16", "Homework_16\Homework_16.vcxproj", "{D43AEC49-56DD-4706-9CB2-78DDD59DE49C}"
EndProject
Project("{8BC9CEB8-8B4A-11D0-8D11-00A0C91BC942}") = "Homework_17", "Homework_17\Homework_17.vcxproj", "{70B404F4-D001-4776-BE9E-F9D6B66C5941}"
EndProject
Global
	GlobalSection(SolutionConfigurationPlatforms) = preSolution
		Debug|x64 = Debug|x64
		Debug|x86 = Debug|x86
		Release|x64 = Release|x64
		Release|x86 = Release|x86
	EndGlobalSection
	GlobalSection(ProjectConfigurationPlatforms) = postSolution
		{C039399B-BADB-4B92-B081-2B1ABD4A1012}.Debug|x64.ActiveCfg = Debug|x64
		{C039399B-BADB-4B92-B081-2B1ABD4A1012}.Debug|x64.Build.0 = Debug|x64
		{C039399B-BADB-4B92-B081-2B1ABD4A1012}.Debug|x86.ActiveCfg = Debug|Win32
		{C039399B-BADB-4B92-B081-2B1ABD4A1012}.Debug|x86.Build.0 = Debug|Win32
		{C039399B-BADB-4B92-B081-2B1ABD4A1012}.Release|x64.ActiveCfg = Release|x64
		{C039399B-BADB-4B92-B081-2B1ABD4A1012}.Release|x64.Build.0 = Release|x64
		{C039399B-BADB-4B92-B081-2B1ABD4A1012}.Release|x86.ActiveCfg = Release|Win32
		{C039399B-BADB-4B92-B081-2B1ABD4A1012}.Release|x86.Build.0 = Release|Win32
		{0922DFE4-B68E-45E2-8ED9-567B2712DB4D}.Debug|x64.ActiveCfg = Debug|x64
		{0922DFE4-B68E-45E2-8ED9-567B2712DB4D}.Debug|x64.Build.0 = Debug|x64
		{0922DFE4-B68E-45E2-8ED9-567B2712DB4D}.Debug|x86.ActiveCfg = Debug|Win32
		{0922DFE4-B68E-45E2-8ED9-567B2712DB4D}.Debug|x86.Build.0 = Debug|Win32
		{0922DFE4-B68E-45E2-8ED9-567B2712DB4D}.Release|x64.ActiveCfg = Release|x64
		{0922DFE4-B68E-45E2-8ED9-567B2712DB4D}.Release|x64.Build.0 = Release|x64
		{0922DFE4-B68E-45E2-8ED9-567B2712DB4D}.Release|x86.ActiveCfg = Release|Win32
		{0922DFE4-B68E-45E2-8ED9-567B2712DB4D}.Release|x86.Build.0 = Release|Win32
		{5E40D4B1-66A8-4CD1-9CB4-905252D57CB6}.Debug|x64.ActiveCfg = Debug|x64
		{5E40D4B1-66A8-4CD1-9CB4-905252D57CB6}.Debug|x64.Build.0 = Debug|x64
		{5E40D4B1-66A8-4CD1-9CB4-905252D57CB6}.Debug|x86.ActiveCfg = Debug|Win32
		{5E40D4B1-66A8-4CD1-9CB4-905252D57CB6}.Debug|x86.Build.0 = Debug|Win32
		{5E40D4B1-66A8-4CD1-9CB4-905252D57CB6}.Release|x64.ActiveCfg = Release|x64
		{5E40D4B1-66A8-4CD1-9CB4-905252D57CB6}.Release|x64.Build.0 = Release|x64
		{5E40D4B1-66A8-4CD1-9CB4-905252D57CB6}.Release|x86.ActiveCfg = Release|Win32
		{5E40D4B1-66A8-4CD1-9CB4-905252D57CB6}.Release|x86.Build.0 = Release|Win32
		{515ECBFC-C648-4C5E-95C9-058E9D271C15}.Debug|x64.ActiveCfg = Debug|x64
		{515ECBFC-C648-4C5E-95C9-058E9D271C15}.Debug|x64.Build.0 = Debug|x64
		{515ECBFC-C648-4C5E-95C9-058E9D271C15}.Debug|x86.ActiveCfg = Debug|Win32
		{515ECBFC-C648-4C5E-95C9-058E9D271C15}.Debug|x86.Build.0 = Debug|Win32
		{515ECBFC-C648-4C5E-95C9-058E9D271C15}.Release|x64.ActiveCfg = Release|x64
		{515ECBFC-C648-4C5E-95C9-058E9D271C15}.Release|x64.Build.0 = Release|x64
		{515ECBFC-C648-4C5E-95C9-058E9D271C15}.Release|x86.ActiveCfg = Release|Win32
		{515ECBFC-C648-4C5E-95C9-058E9D271C15}.Release|x86.Build.0 = Release|Win32
		{FD47696F-C77B-44C2-9652-553613B3A4E7}.Debug|x64.ActiveCfg = Debug|x64
		{FD47696F-C77B-44C2-9652-553613B3A4E7}.Debug|x64.Build.0 = Debug|x64
		{FD47696F-C77B-44C2-9652-553613B3A4E7}.Debug|x86.ActiveCfg = Debug|Win32
		{FD47696F-C77B-44C2-9652-553613B3A4E7}.Debug|x86.Build.0 = Debug|Win32
		{FD47696F-C77B-44C2-9652-553613B3A4E7}.Release|x64.ActiveCfg = Release|x64
		{FD47696F-C77B-44C2-9652-553613B3A4E7}.Release|x64.Build.0 = Release|x64
		{FD47696F-C77B-44C2-9652-553613B3A4E7}.Release|x86.ActiveCfg = Release|Win32
		{FD47696F-C77B-44C2-9652-553613B3A4E7}.Release|x86.Build.0 = Release|Win32
		{F21D2C09-CEDF-4B28-AE22-614A0ACD8AA1}.Debug|x64.ActiveCfg = Debug|x64
		{F21D2C09-CEDF-4B28-AE22-614A0ACD8AA1}.Debug|x64.Build.0 = Debug|x64
		{F21D2C09-CEDF-4B28-AE22-614A0ACD8AA1}.Debug|x86.ActiveCfg = Debug|Win32
		{F21D2C09-CEDF-4B28-AE22-614A0ACD8AA1}.Debug|x86.Build.0 = Debug|Win32
		{F21D2C09-CEDF-4B28-AE22-614A0ACD8AA1}.Release|x64.ActiveCfg = Release|x64
		{F21D2C09-CEDF-4B28-AE22-614A0ACD8AA1}.Release|x64.Build.0 = Release|x64
		{F21D2C09-CEDF-4B28-AE22-614A0ACD8AA1}.Release|x86.ActiveCfg = Release|Win32
		{F21D2C09-CEDF-4B28-AE22-614A0ACD8AA1}.Release|x86.Build.0 = Release|Win32
		{2E72FA17-C892-4FC7-892F-D9F598D5CB55}.Debug|x64.ActiveCfg = Debug|x64
		{2E72FA17-C892-4FC7-892F-D9F598D5CB55}.Debug|x64.Build.0 = Debug|x64
		{2E72FA17-C892-4FC7-892F-D9F598D5CB55}.Debug|x86.ActiveCfg = Debug|Win32
		{2E72FA17-C892-4FC7-892F-D9F598D5CB55}.Debug|x86.Build.0 = Debug|Win32
		{2E72FA17-C892-4FC7-892F-D9F598D5CB55}.Release|x64.ActiveCfg = Release|x64
		{2E72FA17-C892-4FC7-892F-D9F598D5CB55}.Release|x64.Build.0 = Release|x64
		{2E72FA17-C892-4FC7-892F-D9F598D5CB55}.Release|x86.ActiveCfg = Release|Win32
		{2E72FA17-C892-4FC7-892F-D9F598D5CB55}.Release|x86.Build.0 = Release|Win32
		{580A0E41-6656-460F-B470-8A41F2B43EEE}.Debug|x64.ActiveCfg = Debug|x64
		{580A0E41-6656-460F-B470-8A41F2B43EEE}.Debug|x64.Build.0 = Debug|x64
		{580A0E41-6656-460F-B470-8A41F2B43EEE}.Debug|x86.ActiveCfg = Debug|Win32
		{580A0E41-6656-460F-B470-8A41F2B43EEE}.Debug|x86.Build.0 = Debug|Win32
		{580A0E41-6656-460F-B470-8A41F2B43EEE}.Release|x64.ActiveCfg = Release|x64
		{580A0E41-6656-460F-B470-8A41F2B43EEE}.Release|x64.Build.0 = Release|x64
		{580A0E41-6656-460F-B470-8A41F2B43EEE}.Release|x86.ActiveCfg = Release|Win32
		{580A0E41-6656-460F-B470-8A41F2B43EEE}.Release|x86.Build.0 = Release|Win32
		{600B846D-2631-4E8B-83AC-1986DDA6666F}.Debug|x64.ActiveCfg = Debug|x64
		{600B846D-2631-4E8B-83AC-1986DDA6666F}.Debug|x64.Build.0 = Debug|x64
		{600B846D-2631-4E8B-83AC-1986DDA6666F}.Debug|x86.ActiveCfg = Debug|Win32
		{600B846D-2631-4E8B-83AC-1986DDA6666F}.Debug|x86.Build.0 = Debug|Win32
		{600B846D-2631-4E8B-83AC-1986DDA6666F}.Release|x64.ActiveCfg = Release|x64
		{600B846D-2631-4E8B-83AC-1986DDA6666F}.Release|x64.Build.0 = Release|x64
		{600B846D-2631-4E8B-83AC-1986DDA6666F}.Release|x86.ActiveCfg = Release|Win32
		{600B846D-2631-4E8B-83AC-1986DDA6666F}.Release|x86.Build.0 = Release|Win32
		{1DCF5359-56C0-4DD9-B893-2F61B012D4FF}.Debug|x64.ActiveCfg = Debug|x64
		{1DCF5359-56C0-4DD9-B893-2F61B012D4FF}.Debug|x64.Build.0 = Debug|x64
		{1DCF5359-56C0-4DD9-B893-2F61B012D4FF}.Debug|x86.ActiveCfg = Debug|Win32
		{1DCF5359-56C0-4DD9-B893-2F61B012D4FF}.Debug|x86.Build.0 = Debug|Win32
		{1DCF5359-56C0-4DD9-B893-2F61B012D4FF}.Release|x64.ActiveCfg = Release|x64
		{1DCF5359-56C0-4DD9-B893-2F61B012D4FF}.Release|x64.Build.0 = Release|x64
		{1DCF5359-56C0-4DD9-B893-2F61B012D4FF}.Release|x86.ActiveCfg = Release|Win32
		{1DCF5359-56C0-4DD9-B893-2F61B012D4FF}.Release|x86.Build.0 = Release|Win32
		{052867FA-3441-42AE-AF68-5B0D732C504C}.Debug|x64.ActiveCfg = Debug|x64
		{052867FA-3441-42AE-AF68-5B0D732C504C}.Debug|x64.Build.0 = Debug|x64
		{052867FA-3441-42AE-AF68-5B0D732C504C}.Debug|x86.ActiveCfg = Debug|Win32
		{052867FA-3441-42AE-AF68-5B0D732C504C}.Debug|x86.Build.0 = Debug|Win32
		{052867FA-3441-42AE-AF68-5B0D732C504C}.Release|x64.ActiveCfg = Release|x64
		{052867FA-3441-42AE-AF68-5B0D732C504C}.Release|x64.Build.0 = Release|x64
		{052867FA-3441-42AE-AF68-5B0D732C504C}.Release|x86.ActiveCfg = Release|Win32
		{052867FA-3441-42AE-AF68-5B0D732C504C}.Release|x86.Build.0 = Release|Win32
		{D21D70F3-F93F-4936-ABF8-03B49B5840E5}.Debug|x64.ActiveCfg = Debug|x64
		{D21D70F3-F93F-4936-ABF8-03B49B5840E5}.Debug|x64.Build.0 = Debug|x64
		{D21D70F3-F93F-4936-ABF8-03B49B5840E5}.Debug|x86.ActiveCfg = Debug|Win32
		{D21D70F3-F93F-4936-ABF8-03B49B5840E5}.Debug|x86.Build.0 = Debug|Win32
		{D21D70F3-F93F-4936-ABF8-03B49B5840E5}.Release|x64.ActiveCfg = Release|x64
		{D21D70F3-F93F-4936-ABF8-03B49B5840E5}.Release|x64.Build.0 = Release|x64
		{D21D70F3-F93F-4936-ABF8-03B49B5840E5}.Release|x86.ActiveCfg = Release|Win32
		{D21D70F3-F93F-4936-ABF8-03B49B5840E5}.Release|x86.Build.0 = Release|Win32
		{D7E47172-9CCE-4602-B951-E9021E52E8D3}.Debug|x64.ActiveCfg = Debug|x64
		{D7E47172-9CCE-4602-B951-E9021E52E8D3}.Debug|x64.Build.0 = Debug|x64
		{D7E47172-9CCE-4602-B951-E9021E52E8D3}.Debug|x86.ActiveCfg = Debug|Win32
		{D7E47172-9CCE-4602-B951-E9021E52E8D3}.Debug|x86.Build.0 = Debug|Win32
		{D7E47172-9CCE-4602-B951-E9021E52E8D3}.Release|x64.ActiveCfg = Release|x64
		{D7E47172-9CCE-4602-B951-E9021E52E8D3}.Release|x64.Build.0 = Release|x64
		{D7E47172-9CCE-4602-B951-E9021E52E8D3}.Release|x86.ActiveCfg = Release|Win32
		{D7E47172-9CCE-4602-B951-E9021E52E8D3}.Release|x86.Build.0 = Release|Win32
		{4BD57ABF-4635-4AA3-9B5A-C5297256602C}.Debug|x64.ActiveCfg = Debug|x64
		{4BD57ABF-4635-4AA3-9B5A-C5297256602C}.Debug|x64.Build.0 = Debug|x64
		{4BD57ABF-4635-4AA3-9B5A-C5297256602C}.Debug|x86.ActiveCfg = Debug|Win32
		{4BD57ABF-4635-4AA3-9B5A-C5297256602C}.Debug|x86.Build.0 = Debug|Win32
		{4BD57ABF-4635-4AA3-9B5A-C5297256602C}.Release|x64.ActiveCfg = Release|x64
		{4BD57ABF-4635-4AA3-9B5A-C5297256602C}.Release|x64.Build.0 = Release|x64
		{4BD57ABF-4635-4AA3-9B5A-C5297256602C}.Release|x86.ActiveCfg = Release|Win32
		{4BD57ABF-4635-4AA3-9B5A-C5297256602C}.Release|x86.Build.0 = Release|Win32
		{F8C455FE-048A-4E29-ACA0-385A79C952B5}.Debug|x64.ActiveCfg = Debug|x64
		{F8C455FE-048A-4E29-ACA0-385A79C952B5}.Debug|x64.Build.0 = Debug|x64
		{F8C455FE-048A-4E29-ACA0-385A79C952B5}.Debug|x86.ActiveCfg = Debug|Win32
		{F8C455FE-048A-4E29-ACA0-385A79C952B5}.Debug|x86.Build.0 = Debug|Win32
		{F8C455FE-048A-4E29-ACA0-385A79C952B5}.Release|x64.ActiveCfg = Release|x64
		{F8C455FE-048A-4E29-ACA0-385A79C952B5}.Release|x64.Build.0 = Release|x64
		{F8C455FE-048A-4E29-ACA0-385A79C952B5}.Release|x86.ActiveCfg = Release|Win32
		{F8C455FE-048A-4E29-ACA0-385A79C952B5}.Release|x86.Build.0 = Release|Win32
		{512BAA2A-52AB-4E89-A5CE-B04288A668CD}.Debug|x64.ActiveCfg = Debug|x64
		{512BAA2A-52AB-4E89-A5CE-B04288A668CD}.Debug|x64.Build.0 = Debug|x64
		{512BAA2A-52AB-4E89-A5CE-B04288A668CD}.Debug|x86.ActiveCfg = Debug|Win32
		{512BAA2A-52AB-4E89-A5CE-B04288A668CD}.Debug|x86.Build.0 = Debug|Win32
		{512BAA2A-52AB-4E89-A5CE-B04288A668CD}.Release|x64.ActiveCfg = Release|x64
		{512BAA2A-52AB-4E89-A5CE-B04288A668CD}.Release|x64.Build.0 = Release|x64
		{512BAA2A-52AB-4E89-A5CE-B04288A668CD}.Release|x86.ActiveCfg = Release|Win32
		{512BAA2A-52AB-4E89-A5CE-B04288A668CD}.Release|x86.Build.0 = Release|Win32
		{D43AEC49-56DD-4706-9CB2-78DDD59DE49C}.Debug|x64.ActiveCfg = Debug|x64
		{D43AEC49-56DD-4706-9CB2-78DDD59DE49C}.Debug|x64.Build.0 = Debug|x64
		{D43AEC49-56DD-4706-9CB2-78DDD59DE49C}.Debug|x86.ActiveCfg = Debug|Win32
		{D43AEC49-56DD-4706-9CB2-78DDD59DE49C}.Debug|x86.Build.0 = Debug|Win32
		{D43AEC49-56DD-4706-9CB2-78DDD59DE49C}.Release|x64.ActiveCfg = Release|x64
		{D43AEC49-56DD-4706-9CB2-78DDD59DE49C}.Release|x64.Build.0 = Release|x64
		{D43AEC49-56DD-4706-9CB2-78DDD59DE49C}.Release|x86.ActiveCfg = Release|Win32
		{D43AEC49-56DD-4706-9CB2-78DDD59DE49C}.Release|x86.Build.0 = Release|Win32
		{70B404F4-D001-4776-BE9E-F9D6B66C5941}.Debug|x64.ActiveCfg = Debug|x64
		{70B404F4-D001-4776-BE9E-F9D6B66C5941}.Debug|x64.Build.0 = Debug|x64
		{70B404F4-D001-4776-BE9E-F9D6B66C5941}.Debug|x86.ActiveCfg = Debug|Win32
		{70B404F4-D001-4776-BE9E-F9D6B66C5941}.Debug|x86.Build.0 = Debug|Win32
		{70B404F4-D001-4776-BE9E-F9D6B66C5941}.Release|x64.ActiveCfg = Release|x64
		{70B404F4-D001-4776-BE9E-F9D6B66C5941}.Release|x64.Build.0 = Release|x64
		{70B404F4-D001-4776-BE9E-F9D6B66C5941}.Release|x86.ActiveCfg = Release|Win32
		{70B404F4-D001-4776-BE9E-F9D6B66C5941}.Release|x86.Build.0 = Release|Win32
	EndGlobalSection
	GlobalSection(SolutionProperties) = preSolution
		HideSolutionNode = FALSE
	EndGlobalSection
	GlobalSection(ExtensibilityGlobals) = postSolution
		SolutionGuid = {7622FB4C-A4CC-4B09-8BCE-B080BA1A168F}
	EndGlobalSection
EndGlobal
